{
  "name": "todo-list",
  "version": "1.0.0",
  "lockfileVersion": 1,
  "requires": true,
  "dependencies": {
    "ordinal": {
      "version": "1.0.3",
      "resolved": "https://registry.npmjs.org/ordinal/-/ordinal-1.0.3.tgz",
      "integrity": "sha512-cMddMgb2QElm8G7vdaa02jhUNbTSrhsgAGUz1OokD83uJTwSUn+nKoNoKVVaRa08yF6sgfO7Maou1+bgLd9rdQ=="
    }
  }
}
